PODS:
  - FlutterMacOS (1.0.0)
  - for_ticket (0.0.1):
    - FlutterMacOS

DEPENDENCIES:
  - FlutterMacOS (from `Flutter/ephemeral`)
  - for_ticket (from `Flutter/ephemeral/.symlinks/plugins/for_ticket/macos`)

EXTERNAL SOURCES:
  FlutterMacOS:
    :path: Flutter/ephemeral
  for_ticket:
    :path: Flutter/ephemeral/.symlinks/plugins/for_ticket/macos

SPEC CHECKSUMS:
  FlutterMacOS: 57701585bf7de1b3fc2bb61f6378d73bbdea8424
  for_ticket: 1c616e75c180b99cf352f5d439d29c996a5237c1

PODFILE CHECKSUM: 6eac6b3292e5142cfc23bdeb71848a40ec51c14c

COCOAPODS: 1.11.3
